
Microsoft Visual Studio Solution File, Format Version 12.00
# Visual Studio 14
VisualStudioVersion = 14.0.24720.0
MinimumVisualStudioVersion = 10.0.40219.1
Project("{FAE04EC0-301F-11D3-BF4B-00C04F79EFBC}") = "LootSplitter.Droid", "LootSplitter\LootSplitter.Droid\LootSplitter.Droid.csproj", "{E739DCE6-9909-4961-B24D-3030702DBB7C}"
EndProject
Project("{FAE04EC0-301F-11D3-BF4B-00C04F79EFBC}") = "LootSplitter.iOS", "LootSplitter\LootSplitter.iOS\LootSplitter.iOS.csproj", "{418838CA-E2F9-4441-92D5-B4BA3705830E}"
EndProject
Project("{FAE04EC0-301F-11D3-BF4B-00C04F79EFBC}") = "LootSplitter.WinPhone", "LootSplitter\LootSplitter.WinPhone\LootSplitter.WinPhone.csproj", "{BF1EAE53-0C31-4EC7-858B-8D1249C8398B}"
EndProject
Project("{FAE04EC0-301F-11D3-BF4B-00C04F79EFBC}") = "LootSplitter.UWP", "LootSplitter\LootSplitter.UWP\LootSplitter.UWP.csproj", "{C9E699E6-E6D7-45E9-9EEA-A5E549C53B43}"
EndProject
Project("{FAE04EC0-301F-11D3-BF4B-00C04F79EFBC}") = "LootSplitter.Windows", "LootSplitter\LootSplitter.Windows\LootSplitter.Windows.csproj", "{D3FE813A-BB26-44C1-BA43-12230AC8B51D}"
EndProject
Project("{FAE04EC0-301F-11D3-BF4B-00C04F79EFBC}") = "LootSplitter", "LootSplitter\LootSplitter\LootSplitter.csproj", "{FFBE8690-2DF6-4494-9561-CE9B9006DDA3}"
EndProject
Global
	GlobalSection(SolutionConfigurationPlatforms) = preSolution
		Ad-Hoc|Any CPU = Ad-Hoc|Any CPU
		Ad-Hoc|ARM = Ad-Hoc|ARM
		Ad-Hoc|iPhone = Ad-Hoc|iPhone
		Ad-Hoc|iPhoneSimulator = Ad-Hoc|iPhoneSimulator
		Ad-Hoc|x64 = Ad-Hoc|x64
		Ad-Hoc|x86 = Ad-Hoc|x86
		AppStore|Any CPU = AppStore|Any CPU
		AppStore|ARM = AppStore|ARM
		AppStore|iPhone = AppStore|iPhone
		AppStore|iPhoneSimulator = AppStore|iPhoneSimulator
		AppStore|x64 = AppStore|x64
		AppStore|x86 = AppStore|x86
		Debug|Any CPU = Debug|Any CPU
		Debug|ARM = Debug|ARM
		Debug|iPhone = Debug|iPhone
		Debug|iPhoneSimulator = Debug|iPhoneSimulator
		Debug|x64 = Debug|x64
		Debug|x86 = Debug|x86
		Release|Any CPU = Release|Any CPU
		Release|ARM = Release|ARM
		Release|iPhone = Release|iPhone
		Release|iPhoneSimulator = Release|iPhoneSimulator
		Release|x64 = Release|x64
		Release|x86 = Release|x86
	EndGlobalSection
	GlobalSection(ProjectConfigurationPlatforms) = postSolution
		{E739DCE6-9909-4961-B24D-3030702DBB7C}.Ad-Hoc|Any CPU.ActiveCfg = Release|Any CPU
		{E739DCE6-9909-4961-B24D-3030702DBB7C}.Ad-Hoc|Any CPU.Build.0 = Release|Any CPU
		{E739DCE6-9909-4961-B24D-3030702DBB7C}.Ad-Hoc|Any CPU.Deploy.0 = Release|Any CPU
		{E739DCE6-9909-4961-B24D-3030702DBB7C}.Ad-Hoc|ARM.ActiveCfg = Release|Any CPU
		{E739DCE6-9909-4961-B24D-3030702DBB7C}.Ad-Hoc|ARM.Build.0 = Release|Any CPU
		{E739DCE6-9909-4961-B24D-3030702DBB7C}.Ad-Hoc|ARM.Deploy.0 = Release|Any CPU
		{E739DCE6-9909-4961-B24D-3030702DBB7C}.Ad-Hoc|iPhone.ActiveCfg = Release|Any CPU
		{E739DCE6-9909-4961-B24D-3030702DBB7C}.Ad-Hoc|iPhone.Build.0 = Release|Any CPU
		{E739DCE6-9909-4961-B24D-3030702DBB7C}.Ad-Hoc|iPhone.Deploy.0 = Release|Any CPU
		{E739DCE6-9909-4961-B24D-3030702DBB7C}.Ad-Hoc|iPhoneSimulator.ActiveCfg = Release|Any CPU
		{E739DCE6-9909-4961-B24D-3030702DBB7C}.Ad-Hoc|iPhoneSimulator.Build.0 = Release|Any CPU
		{E739DCE6-9909-4961-B24D-3030702DBB7C}.Ad-Hoc|iPhoneSimulator.Deploy.0 = Release|Any CPU
		{E739DCE6-9909-4961-B24D-3030702DBB7C}.Ad-Hoc|x64.ActiveCfg = Release|Any CPU
		{E739DCE6-9909-4961-B24D-3030702DBB7C}.Ad-Hoc|x64.Build.0 = Release|Any CPU
		{E739DCE6-9909-4961-B24D-3030702DBB7C}.Ad-Hoc|x64.Deploy.0 = Release|Any CPU
		{E739DCE6-9909-4961-B24D-3030702DBB7C}.Ad-Hoc|x86.ActiveCfg = Release|Any CPU
		{E739DCE6-9909-4961-B24D-3030702DBB7C}.Ad-Hoc|x86.Build.0 = Release|Any CPU
		{E739DCE6-9909-4961-B24D-3030702DBB7C}.Ad-Hoc|x86.Deploy.0 = Release|Any CPU
		{E739DCE6-9909-4961-B24D-3030702DBB7C}.AppStore|Any CPU.ActiveCfg = Release|Any CPU
		{E739DCE6-9909-4961-B24D-3030702DBB7C}.AppStore|Any CPU.Build.0 = Release|Any CPU
		{E739DCE6-9909-4961-B24D-3030702DBB7C}.AppStore|Any CPU.Deploy.0 = Release|Any CPU
		{E739DCE6-9909-4961-B24D-3030702DBB7C}.AppStore|ARM.ActiveCfg = Release|Any CPU
		{E739DCE6-9909-4961-B24D-3030702DBB7C}.AppStore|ARM.Build.0 = Release|Any CPU
		{E739DCE6-9909-4961-B24D-3030702DBB7C}.AppStore|ARM.Deploy.0 = Release|Any CPU
		{E739DCE6-9909-4961-B24D-3030702DBB7C}.AppStore|iPhone.ActiveCfg = Release|Any CPU
		{E739DCE6-9909-4961-B24D-3030702DBB7C}.AppStore|iPhone.Build.0 = Release|Any CPU
		{E739DCE6-9909-4961-B24D-3030702DBB7C}.AppStore|iPhone.Deploy.0 = Release|Any CPU
		{E739DCE6-9909-4961-B24D-3030702DBB7C}.AppStore|iPhoneSimulator.ActiveCfg = Release|Any CPU
		{E739DCE6-9909-4961-B24D-3030702DBB7C}.AppStore|iPhoneSimulator.Build.0 = Release|Any CPU
		{E739DCE6-9909-4961-B24D-3030702DBB7C}.AppStore|iPhoneSimulator.Deploy.0 = Release|Any CPU
		{E739DCE6-9909-4961-B24D-3030702DBB7C}.AppStore|x64.ActiveCfg = Release|Any CPU
		{E739DCE6-9909-4961-B24D-3030702DBB7C}.AppStore|x64.Build.0 = Release|Any CPU
		{E739DCE6-9909-4961-B24D-3030702DBB7C}.AppStore|x64.Deploy.0 = Release|Any CPU
		{E739DCE6-9909-4961-B24D-3030702DBB7C}.AppStore|x86.ActiveCfg = Release|Any CPU
		{E739DCE6-9909-4961-B24D-3030702DBB7C}.AppStore|x86.Build.0 = Release|Any CPU
		{E739DCE6-9909-4961-B24D-3030702DBB7C}.AppStore|x86.Deploy.0 = Release|Any CPU
		{E739DCE6-9909-4961-B24D-3030702DBB7C}.Debug|Any CPU.ActiveCfg = Debug|Any CPU
		{E739DCE6-9909-4961-B24D-3030702DBB7C}.Debug|Any CPU.Build.0 = Debug|Any CPU
		{E739DCE6-9909-4961-B24D-3030702DBB7C}.Debug|Any CPU.Deploy.0 = Debug|Any CPU
		{E739DCE6-9909-4961-B24D-3030702DBB7C}.Debug|ARM.ActiveCfg = Debug|Any CPU
		{E739DCE6-9909-4961-B24D-3030702DBB7C}.Debug|ARM.Build.0 = Debug|Any CPU
		{E739DCE6-9909-4961-B24D-3030702DBB7C}.Debug|ARM.Deploy.0 = Debug|Any CPU
		{E739DCE6-9909-4961-B24D-3030702DBB7C}.Debug|iPhone.ActiveCfg = Debug|Any CPU
		{E739DCE6-9909-4961-B24D-3030702DBB7C}.Debug|iPhone.Build.0 = Debug|Any CPU
		{E739DCE6-9909-4961-B24D-3030702DBB7C}.Debug|iPhone.Deploy.0 = Debug|Any CPU
		{E739DCE6-9909-4961-B24D-3030702DBB7C}.Debug|iPhoneSimulator.ActiveCfg = Debug|Any CPU
		{E739DCE6-9909-4961-B24D-3030702DBB7C}.Debug|iPhoneSimulator.Build.0 = Debug|Any CPU
		{E739DCE6-9909-4961-B24D-3030702DBB7C}.Debug|iPhoneSimulator.Deploy.0 = Debug|Any CPU
		{E739DCE6-9909-4961-B24D-3030702DBB7C}.Debug|x64.ActiveCfg = Debug|Any CPU
		{E739DCE6-9909-4961-B24D-3030702DBB7C}.Debug|x64.Build.0 = Debug|Any CPU
		{E739DCE6-9909-4961-B24D-3030702DBB7C}.Debug|x64.Deploy.0 = Debug|Any CPU
		{E739DCE6-9909-4961-B24D-3030702DBB7C}.Debug|x86.ActiveCfg = Debug|Any CPU
		{E739DCE6-9909-4961-B24D-3030702DBB7C}.Debug|x86.Build.0 = Debug|Any CPU
		{E739DCE6-9909-4961-B24D-3030702DBB7C}.Debug|x86.Deploy.0 = Debug|Any CPU
		{E739DCE6-9909-4961-B24D-3030702DBB7C}.Release|Any CPU.ActiveCfg = Release|Any CPU
		{E739DCE6-9909-4961-B24D-3030702DBB7C}.Release|Any CPU.Build.0 = Release|Any CPU
		{E739DCE6-9909-4961-B24D-3030702DBB7C}.Release|Any CPU.Deploy.0 = Release|Any CPU
		{E739DCE6-9909-4961-B24D-3030702DBB7C}.Release|ARM.ActiveCfg = Release|Any CPU
		{E739DCE6-9909-4961-B24D-3030702DBB7C}.Release|ARM.Build.0 = Release|Any CPU
		{E739DCE6-9909-4961-B24D-3030702DBB7C}.Release|ARM.Deploy.0 = Release|Any CPU
		{E739DCE6-9909-4961-B24D-3030702DBB7C}.Release|iPhone.ActiveCfg = Release|Any CPU
		{E739DCE6-9909-4961-B24D-3030702DBB7C}.Release|iPhone.Build.0 = Release|Any CPU
		{E739DCE6-9909-4961-B24D-3030702DBB7C}.Release|iPhone.Deploy.0 = Release|Any CPU
		{E739DCE6-9909-4961-B24D-3030702DBB7C}.Release|iPhoneSimulator.ActiveCfg = Release|Any CPU
		{E739DCE6-9909-4961-B24D-3030702DBB7C}.Release|iPhoneSimulator.Build.0 = Release|Any CPU
		{E739DCE6-9909-4961-B24D-3030702DBB7C}.Release|iPhoneSimulator.Deploy.0 = Release|Any CPU
		{E739DCE6-9909-4961-B24D-3030702DBB7C}.Release|x64.ActiveCfg = Release|Any CPU
		{E739DCE6-9909-4961-B24D-3030702DBB7C}.Release|x64.Build.0 = Release|Any CPU
		{E739DCE6-9909-4961-B24D-3030702DBB7C}.Release|x64.Deploy.0 = Release|Any CPU
		{E739DCE6-9909-4961-B24D-3030702DBB7C}.Release|x86.ActiveCfg = Release|Any CPU
		{E739DCE6-9909-4961-B24D-3030702DBB7C}.Release|x86.Build.0 = Release|Any CPU
		{E739DCE6-9909-4961-B24D-3030702DBB7C}.Release|x86.Deploy.0 = Release|Any CPU
		{418838CA-E2F9-4441-92D5-B4BA3705830E}.Ad-Hoc|Any CPU.ActiveCfg = Ad-Hoc|iPhone
		{418838CA-E2F9-4441-92D5-B4BA3705830E}.Ad-Hoc|ARM.ActiveCfg = Ad-Hoc|iPhone
		{418838CA-E2F9-4441-92D5-B4BA3705830E}.Ad-Hoc|iPhone.ActiveCfg = Ad-Hoc|iPhone
		{418838CA-E2F9-4441-92D5-B4BA3705830E}.Ad-Hoc|iPhone.Build.0 = Ad-Hoc|iPhone
		{418838CA-E2F9-4441-92D5-B4BA3705830E}.Ad-Hoc|iPhoneSimulator.ActiveCfg = Ad-Hoc|iPhoneSimulator
		{418838CA-E2F9-4441-92D5-B4BA3705830E}.Ad-Hoc|iPhoneSimulator.Build.0 = Ad-Hoc|iPhoneSimulator
		{418838CA-E2F9-4441-92D5-B4BA3705830E}.Ad-Hoc|x64.ActiveCfg = Ad-Hoc|iPhone
		{418838CA-E2F9-4441-92D5-B4BA3705830E}.Ad-Hoc|x86.ActiveCfg = Ad-Hoc|iPhone
		{418838CA-E2F9-4441-92D5-B4BA3705830E}.AppStore|Any CPU.ActiveCfg = AppStore|iPhone
		{418838CA-E2F9-4441-92D5-B4BA3705830E}.AppStore|ARM.ActiveCfg = AppStore|iPhone
		{418838CA-E2F9-4441-92D5-B4BA3705830E}.AppStore|iPhone.ActiveCfg = AppStore|iPhone
		{418838CA-E2F9-4441-92D5-B4BA3705830E}.AppStore|iPhone.Build.0 = AppStore|iPhone
		{418838CA-E2F9-4441-92D5-B4BA3705830E}.AppStore|iPhoneSimulator.ActiveCfg = AppStore|iPhoneSimulator
		{418838CA-E2F9-4441-92D5-B4BA3705830E}.AppStore|iPhoneSimulator.Build.0 = AppStore|iPhoneSimulator
		{418838CA-E2F9-4441-92D5-B4BA3705830E}.AppStore|x64.ActiveCfg = AppStore|iPhone
		{418838CA-E2F9-4441-92D5-B4BA3705830E}.AppStore|x86.ActiveCfg = AppStore|iPhone
		{418838CA-E2F9-4441-92D5-B4BA3705830E}.Debug|Any CPU.ActiveCfg = Debug|iPhone
		{418838CA-E2F9-4441-92D5-B4BA3705830E}.Debug|Any CPU.Build.0 = Debug|iPhone
		{418838CA-E2F9-4441-92D5-B4BA3705830E}.Debug|ARM.ActiveCfg = Debug|iPhone
		{418838CA-E2F9-4441-92D5-B4BA3705830E}.Debug|iPhone.ActiveCfg = Debug|iPhone
		{418838CA-E2F9-4441-92D5-B4BA3705830E}.Debug|iPhone.Build.0 = Debug|iPhone
		{418838CA-E2F9-4441-92D5-B4BA3705830E}.Debug|iPhoneSimulator.ActiveCfg = Debug|iPhoneSimulator
		{418838CA-E2F9-4441-92D5-B4BA3705830E}.Debug|iPhoneSimulator.Build.0 = Debug|iPhoneSimulator
		{418838CA-E2F9-4441-92D5-B4BA3705830E}.Debug|x64.ActiveCfg = Debug|iPhone
		{418838CA-E2F9-4441-92D5-B4BA3705830E}.Debug|x86.ActiveCfg = Debug|iPhone
		{418838CA-E2F9-4441-92D5-B4BA3705830E}.Release|Any CPU.ActiveCfg = Release|iPhone
		{418838CA-E2F9-4441-92D5-B4BA3705830E}.Release|ARM.ActiveCfg = Release|iPhone
		{418838CA-E2F9-4441-92D5-B4BA3705830E}.Release|iPhone.ActiveCfg = Release|iPhone
		{418838CA-E2F9-4441-92D5-B4BA3705830E}.Release|iPhone.Build.0 = Release|iPhone
		{418838CA-E2F9-4441-92D5-B4BA3705830E}.Release|iPhoneSimulator.ActiveCfg = Release|iPhoneSimulator
		{418838CA-E2F9-4441-92D5-B4BA3705830E}.Release|iPhoneSimulator.Build.0 = Release|iPhoneSimulator
		{418838CA-E2F9-4441-92D5-B4BA3705830E}.Release|x64.ActiveCfg = Release|iPhone
		{418838CA-E2F9-4441-92D5-B4BA3705830E}.Release|x86.ActiveCfg = Release|iPhone
		{BF1EAE53-0C31-4EC7-858B-8D1249C8398B}.Ad-Hoc|Any CPU.ActiveCfg = Release|Any CPU
		{BF1EAE53-0C31-4EC7-858B-8D1249C8398B}.Ad-Hoc|Any CPU.Build.0 = Release|Any CPU
		{BF1EAE53-0C31-4EC7-858B-8D1249C8398B}.Ad-Hoc|Any CPU.Deploy.0 = Release|Any CPU
		{BF1EAE53-0C31-4EC7-858B-8D1249C8398B}.Ad-Hoc|ARM.ActiveCfg = Release|ARM
		{BF1EAE53-0C31-4EC7-858B-8D1249C8398B}.Ad-Hoc|ARM.Build.0 = Release|ARM
		{BF1EAE53-0C31-4EC7-858B-8D1249C8398B}.Ad-Hoc|ARM.Deploy.0 = Release|ARM
		{BF1EAE53-0C31-4EC7-858B-8D1249C8398B}.Ad-Hoc|iPhone.ActiveCfg = Release|Any CPU
		{BF1EAE53-0C31-4EC7-858B-8D1249C8398B}.Ad-Hoc|iPhone.Build.0 = Release|Any CPU
		{BF1EAE53-0C31-4EC7-858B-8D1249C8398B}.Ad-Hoc|iPhone.Deploy.0 = Release|Any CPU
		{BF1EAE53-0C31-4EC7-858B-8D1249C8398B}.Ad-Hoc|iPhoneSimulator.ActiveCfg = Release|Any CPU
		{BF1EAE53-0C31-4EC7-858B-8D1249C8398B}.Ad-Hoc|iPhoneSimulator.Build.0 = Release|Any CPU
		{BF1EAE53-0C31-4EC7-858B-8D1249C8398B}.Ad-Hoc|iPhoneSimulator.Deploy.0 = Release|Any CPU
		{BF1EAE53-0C31-4EC7-858B-8D1249C8398B}.Ad-Hoc|x64.ActiveCfg = Release|Any CPU
		{BF1EAE53-0C31-4EC7-858B-8D1249C8398B}.Ad-Hoc|x64.Build.0 = Release|Any CPU
		{BF1EAE53-0C31-4EC7-858B-8D1249C8398B}.Ad-Hoc|x64.Deploy.0 = Release|Any CPU
		{BF1EAE53-0C31-4EC7-858B-8D1249C8398B}.Ad-Hoc|x86.ActiveCfg = Release|x86
		{BF1EAE53-0C31-4EC7-858B-8D1249C8398B}.Ad-Hoc|x86.Build.0 = Release|x86
		{BF1EAE53-0C31-4EC7-858B-8D1249C8398B}.Ad-Hoc|x86.Deploy.0 = Release|x86
		{BF1EAE53-0C31-4EC7-858B-8D1249C8398B}.AppStore|Any CPU.ActiveCfg = Release|Any CPU
		{BF1EAE53-0C31-4EC7-858B-8D1249C8398B}.AppStore|Any CPU.Build.0 = Release|Any CPU
		{BF1EAE53-0C31-4EC7-858B-8D1249C8398B}.AppStore|Any CPU.Deploy.0 = Release|Any CPU
		{BF1EAE53-0C31-4EC7-858B-8D1249C8398B}.AppStore|ARM.ActiveCfg = Release|ARM
		{BF1EAE53-0C31-4EC7-858B-8D1249C8398B}.AppStore|ARM.Build.0 = Release|ARM
		{BF1EAE53-0C31-4EC7-858B-8D1249C8398B}.AppStore|ARM.Deploy.0 = Release|ARM
		{BF1EAE53-0C31-4EC7-858B-8D1249C8398B}.AppStore|iPhone.ActiveCfg = Release|Any CPU
		{BF1EAE53-0C31-4EC7-858B-8D1249C8398B}.AppStore|iPhone.Build.0 = Release|Any CPU
		{BF1EAE53-0C31-4EC7-858B-8D1249C8398B}.AppStore|iPhone.Deploy.0 = Release|Any CPU
		{BF1EAE53-0C31-4EC7-858B-8D1249C8398B}.AppStore|iPhoneSimulator.ActiveCfg = Release|Any CPU
		{BF1EAE53-0C31-4EC7-858B-8D1249C8398B}.AppStore|iPhoneSimulator.Build.0 = Release|Any CPU
		{BF1EAE53-0C31-4EC7-858B-8D1249C8398B}.AppStore|iPhoneSimulator.Deploy.0 = Release|Any CPU
		{BF1EAE53-0C31-4EC7-858B-8D1249C8398B}.AppStore|x64.ActiveCfg = Release|Any CPU
		{BF1EAE53-0C31-4EC7-858B-8D1249C8398B}.AppStore|x64.Build.0 = Release|Any CPU
		{BF1EAE53-0C31-4EC7-858B-8D1249C8398B}.AppStore|x64.Deploy.0 = Release|Any CPU
		{BF1EAE53-0C31-4EC7-858B-8D1249C8398B}.AppStore|x86.ActiveCfg = Release|x86
		{BF1EAE53-0C31-4EC7-858B-8D1249C8398B}.AppStore|x86.Build.0 = Release|x86
		{BF1EAE53-0C31-4EC7-858B-8D1249C8398B}.AppStore|x86.Deploy.0 = Release|x86
		{BF1EAE53-0C31-4EC7-858B-8D1249C8398B}.Debug|Any CPU.ActiveCfg = Debug|Any CPU
		{BF1EAE53-0C31-4EC7-858B-8D1249C8398B}.Debug|Any CPU.Build.0 = Debug|Any CPU
		{BF1EAE53-0C31-4EC7-858B-8D1249C8398B}.Debug|Any CPU.Deploy.0 = Debug|Any CPU
		{BF1EAE53-0C31-4EC7-858B-8D1249C8398B}.Debug|ARM.ActiveCfg = Debug|ARM
		{BF1EAE53-0C31-4EC7-858B-8D1249C8398B}.Debug|ARM.Build.0 = Debug|ARM
		{BF1EAE53-0C31-4EC7-858B-8D1249C8398B}.Debug|ARM.Deploy.0 = Debug|ARM
		{BF1EAE53-0C31-4EC7-858B-8D1249C8398B}.Debug|iPhone.ActiveCfg = Debug|Any CPU
		{BF1EAE53-0C31-4EC7-858B-8D1249C8398B}.Debug|iPhone.Build.0 = Debug|Any CPU
		{BF1EAE53-0C31-4EC7-858B-8D1249C8398B}.Debug|iPhone.Deploy.0 = Debug|Any CPU
		{BF1EAE53-0C31-4EC7-858B-8D1249C8398B}.Debug|iPhoneSimulator.ActiveCfg = Debug|Any CPU
		{BF1EAE53-0C31-4EC7-858B-8D1249C8398B}.Debug|iPhoneSimulator.Build.0 = Debug|Any CPU
		{BF1EAE53-0C31-4EC7-858B-8D1249C8398B}.Debug|iPhoneSimulator.Deploy.0 = Debug|Any CPU
		{BF1EAE53-0C31-4EC7-858B-8D1249C8398B}.Debug|x64.ActiveCfg = Debug|Any CPU
		{BF1EAE53-0C31-4EC7-858B-8D1249C8398B}.Debug|x64.Build.0 = Debug|Any CPU
		{BF1EAE53-0C31-4EC7-858B-8D1249C8398B}.Debug|x64.Deploy.0 = Debug|Any CPU
		{BF1EAE53-0C31-4EC7-858B-8D1249C8398B}.Debug|x86.ActiveCfg = Debug|x86
		{BF1EAE53-0C31-4EC7-858B-8D1249C8398B}.Debug|x86.Build.0 = Debug|x86
		{BF1EAE53-0C31-4EC7-858B-8D1249C8398B}.Debug|x86.Deploy.0 = Debug|x86
		{BF1EAE53-0C31-4EC7-858B-8D1249C8398B}.Release|Any CPU.ActiveCfg = Release|Any CPU
		{BF1EAE53-0C31-4EC7-858B-8D1249C8398B}.Release|Any CPU.Build.0 = Release|Any CPU
		{BF1EAE53-0C31-4EC7-858B-8D1249C8398B}.Release|Any CPU.Deploy.0 = Release|Any CPU
		{BF1EAE53-0C31-4EC7-858B-8D1249C8398B}.Release|ARM.ActiveCfg = Release|ARM
		{BF1EAE53-0C31-4EC7-858B-8D1249C8398B}.Release|ARM.Build.0 = Release|ARM
		{BF1EAE53-0C31-4EC7-858B-8D1249C8398B}.Release|ARM.Deploy.0 = Release|ARM
		{BF1EAE53-0C31-4EC7-858B-8D1249C8398B}.Release|iPhone.ActiveCfg = Release|Any CPU
		{BF1EAE53-0C31-4EC7-858B-8D1249C8398B}.Release|iPhone.Build.0 = Release|Any CPU
		{BF1EAE53-0C31-4EC7-858B-8D1249C8398B}.Release|iPhone.Deploy.0 = Release|Any CPU
		{BF1EAE53-0C31-4EC7-858B-8D1249C8398B}.Release|iPhoneSimulator.ActiveCfg = Release|Any CPU
		{BF1EAE53-0C31-4EC7-858B-8D1249C8398B}.Release|iPhoneSimulator.Build.0 = Release|Any CPU
		{BF1EAE53-0C31-4EC7-858B-8D1249C8398B}.Release|iPhoneSimulator.Deploy.0 = Release|Any CPU
		{BF1EAE53-0C31-4EC7-858B-8D1249C8398B}.Release|x64.ActiveCfg = Release|Any CPU
		{BF1EAE53-0C31-4EC7-858B-8D1249C8398B}.Release|x64.Build.0 = Release|Any CPU
		{BF1EAE53-0C31-4EC7-858B-8D1249C8398B}.Release|x64.Deploy.0 = Release|Any CPU
		{BF1EAE53-0C31-4EC7-858B-8D1249C8398B}.Release|x86.ActiveCfg = Release|x86
		{BF1EAE53-0C31-4EC7-858B-8D1249C8398B}.Release|x86.Build.0 = Release|x86
		{BF1EAE53-0C31-4EC7-858B-8D1249C8398B}.Release|x86.Deploy.0 = Release|x86
		{C9E699E6-E6D7-45E9-9EEA-A5E549C53B43}.Ad-Hoc|Any CPU.ActiveCfg = Release|x86
		{C9E699E6-E6D7-45E9-9EEA-A5E549C53B43}.Ad-Hoc|Any CPU.Build.0 = Release|x86
		{C9E699E6-E6D7-45E9-9EEA-A5E549C53B43}.Ad-Hoc|Any CPU.Deploy.0 = Release|x86
		{C9E699E6-E6D7-45E9-9EEA-A5E549C53B43}.Ad-Hoc|ARM.ActiveCfg = Release|ARM
		{C9E699E6-E6D7-45E9-9EEA-A5E549C53B43}.Ad-Hoc|ARM.Build.0 = Release|ARM
		{C9E699E6-E6D7-45E9-9EEA-A5E549C53B43}.Ad-Hoc|ARM.Deploy.0 = Release|ARM
		{C9E699E6-E6D7-45E9-9EEA-A5E549C53B43}.Ad-Hoc|iPhone.ActiveCfg = Release|x86
		{C9E699E6-E6D7-45E9-9EEA-A5E549C53B43}.Ad-Hoc|iPhone.Build.0 = Release|x86
		{C9E699E6-E6D7-45E9-9EEA-A5E549C53B43}.Ad-Hoc|iPhone.Deploy.0 = Release|x86
		{C9E699E6-E6D7-45E9-9EEA-A5E549C53B43}.Ad-Hoc|iPhoneSimulator.ActiveCfg = Release|x86
		{C9E699E6-E6D7-45E9-9EEA-A5E549C53B43}.Ad-Hoc|iPhoneSimulator.Build.0 = Release|x86
		{C9E699E6-E6D7-45E9-9EEA-A5E549C53B43}.Ad-Hoc|iPhoneSimulator.Deploy.0 = Release|x86
		{C9E699E6-E6D7-45E9-9EEA-A5E549C53B43}.Ad-Hoc|x64.ActiveCfg = Release|x64
		{C9E699E6-E6D7-45E9-9EEA-A5E549C53B43}.Ad-Hoc|x64.Build.0 = Release|x64
		{C9E699E6-E6D7-45E9-9EEA-A5E549C53B43}.Ad-Hoc|x64.Deploy.0 = Release|x64
		{C9E699E6-E6D7-45E9-9EEA-A5E549C53B43}.Ad-Hoc|x86.ActiveCfg = Release|x86
		{C9E699E6-E6D7-45E9-9EEA-A5E549C53B43}.Ad-Hoc|x86.Build.0 = Release|x86
		{C9E699E6-E6D7-45E9-9EEA-A5E549C53B43}.Ad-Hoc|x86.Deploy.0 = Release|x86
		{C9E699E6-E6D7-45E9-9EEA-A5E549C53B43}.AppStore|Any CPU.ActiveCfg = Release|x86
		{C9E699E6-E6D7-45E9-9EEA-A5E549C53B43}.AppStore|Any CPU.Build.0 = Release|x86
		{C9E699E6-E6D7-45E9-9EEA-A5E549C53B43}.AppStore|Any CPU.Deploy.0 = Release|x86
		{C9E699E6-E6D7-45E9-9EEA-A5E549C53B43}.AppStore|ARM.ActiveCfg = Release|ARM
		{C9E699E6-E6D7-45E9-9EEA-A5E549C53B43}.AppStore|ARM.Build.0 = Release|ARM
		{C9E699E6-E6D7-45E9-9EEA-A5E549C53B43}.AppStore|ARM.Deploy.0 = Release|ARM
		{C9E699E6-E6D7-45E9-9EEA-A5E549C53B43}.AppStore|iPhone.ActiveCfg = Release|x86
		{C9E699E6-E6D7-45E9-9EEA-A5E549C53B43}.AppStore|iPhone.Build.0 = Release|x86
		{C9E699E6-E6D7-45E9-9EEA-A5E549C53B43}.AppStore|iPhone.Deploy.0 = Release|x86
		{C9E699E6-E6D7-45E9-9EEA-A5E549C53B43}.AppStore|iPhoneSimulator.ActiveCfg = Release|x86
		{C9E699E6-E6D7-45E9-9EEA-A5E549C53B43}.AppStore|iPhoneSimulator.Build.0 = Release|x86
		{C9E699E6-E6D7-45E9-9EEA-A5E549C53B43}.AppStore|iPhoneSimulator.Deploy.0 = Release|x86
		{C9E699E6-E6D7-45E9-9EEA-A5E549C53B43}.AppStore|x64.ActiveCfg = Release|x64
		{C9E699E6-E6D7-45E9-9EEA-A5E549C53B43}.AppStore|x64.Build.0 = Release|x64
		{C9E699E6-E6D7-45E9-9EEA-A5E549C53B43}.AppStore|x64.Deploy.0 = Release|x64
		{C9E699E6-E6D7-45E9-9EEA-A5E549C53B43}.AppStore|x86.ActiveCfg = Release|x86
		{C9E699E6-E6D7-45E9-9EEA-A5E549C53B43}.AppStore|x86.Build.0 = Release|x86
		{C9E699E6-E6D7-45E9-9EEA-A5E549C53B43}.AppStore|x86.Deploy.0 = Release|x86
		{C9E699E6-E6D7-45E9-9EEA-A5E549C53B43}.Debug|Any CPU.ActiveCfg = Debug|x86
		{C9E699E6-E6D7-45E9-9EEA-A5E549C53B43}.Debug|Any CPU.Build.0 = Debug|x86
		{C9E699E6-E6D7-45E9-9EEA-A5E549C53B43}.Debug|Any CPU.Deploy.0 = Debug|x86
		{C9E699E6-E6D7-45E9-9EEA-A5E549C53B43}.Debug|ARM.ActiveCfg = Debug|ARM
		{C9E699E6-E6D7-45E9-9EEA-A5E549C53B43}.Debug|ARM.Build.0 = Debug|ARM
		{C9E699E6-E6D7-45E9-9EEA-A5E549C53B43}.Debug|ARM.Deploy.0 = Debug|ARM
		{C9E699E6-E6D7-45E9-9EEA-A5E549C53B43}.Debug|iPhone.ActiveCfg = Debug|x86
		{C9E699E6-E6D7-45E9-9EEA-A5E549C53B43}.Debug|iPhoneSimulator.ActiveCfg = Debug|x86
		{C9E699E6-E6D7-45E9-9EEA-A5E549C53B43}.Debug|x64.ActiveCfg = Debug|x64
		{C9E699E6-E6D7-45E9-9EEA-A5E549C53B43}.Debug|x64.Build.0 = Debug|x64
		{C9E699E6-E6D7-45E9-9EEA-A5E549C53B43}.Debug|x64.Deploy.0 = Debug|x64
		{C9E699E6-E6D7-45E9-9EEA-A5E549C53B43}.Debug|x86.ActiveCfg = Debug|x86
		{C9E699E6-E6D7-45E9-9EEA-A5E549C53B43}.Debug|x86.Build.0 = Debug|x86
		{C9E699E6-E6D7-45E9-9EEA-A5E549C53B43}.Debug|x86.Deploy.0 = Debug|x86
		{C9E699E6-E6D7-45E9-9EEA-A5E549C53B43}.Release|Any CPU.ActiveCfg = Release|x86
		{C9E699E6-E6D7-45E9-9EEA-A5E549C53B43}.Release|ARM.ActiveCfg = Release|ARM
		{C9E699E6-E6D7-45E9-9EEA-A5E549C53B43}.Release|ARM.Build.0 = Release|ARM
		{C9E699E6-E6D7-45E9-9EEA-A5E549C53B43}.Release|ARM.Deploy.0 = Release|ARM
		{C9E699E6-E6D7-45E9-9EEA-A5E549C53B43}.Release|iPhone.ActiveCfg = Release|x86
		{C9E699E6-E6D7-45E9-9EEA-A5E549C53B43}.Release|iPhoneSimulator.ActiveCfg = Release|x86
		{C9E699E6-E6D7-45E9-9EEA-A5E549C53B43}.Release|x64.ActiveCfg = Release|x64
		{C9E699E6-E6D7-45E9-9EEA-A5E549C53B43}.Release|x64.Build.0 = Release|x64
		{C9E699E6-E6D7-45E9-9EEA-A5E549C53B43}.Release|x64.Deploy.0 = Release|x64
		{C9E699E6-E6D7-45E9-9EEA-A5E549C53B43}.Release|x86.ActiveCfg = Release|x86
		{C9E699E6-E6D7-45E9-9EEA-A5E549C53B43}.Release|x86.Build.0 = Release|x86
		{C9E699E6-E6D7-45E9-9EEA-A5E549C53B43}.Release|x86.Deploy.0 = Release|x86
		{D3FE813A-BB26-44C1-BA43-12230AC8B51D}.Ad-Hoc|Any CPU.ActiveCfg = Release|Any CPU
		{D3FE813A-BB26-44C1-BA43-12230AC8B51D}.Ad-Hoc|Any CPU.Build.0 = Release|Any CPU
		{D3FE813A-BB26-44C1-BA43-12230AC8B51D}.Ad-Hoc|Any CPU.Deploy.0 = Release|Any CPU
		{D3FE813A-BB26-44C1-BA43-12230AC8B51D}.Ad-Hoc|ARM.ActiveCfg = Release|ARM
		{D3FE813A-BB26-44C1-BA43-12230AC8B51D}.Ad-Hoc|ARM.Build.0 = Release|ARM
		{D3FE813A-BB26-44C1-BA43-12230AC8B51D}.Ad-Hoc|ARM.Deploy.0 = Release|ARM
		{D3FE813A-BB26-44C1-BA43-12230AC8B51D}.Ad-Hoc|iPhone.ActiveCfg = Release|Any CPU
		{D3FE813A-BB26-44C1-BA43-12230AC8B51D}.Ad-Hoc|iPhone.Build.0 = Release|Any CPU
		{D3FE813A-BB26-44C1-BA43-12230AC8B51D}.Ad-Hoc|iPhone.Deploy.0 = Release|Any CPU
		{D3FE813A-BB26-44C1-BA43-12230AC8B51D}.Ad-Hoc|iPhoneSimulator.ActiveCfg = Release|Any CPU
		{D3FE813A-BB26-44C1-BA43-12230AC8B51D}.Ad-Hoc|iPhoneSimulator.Build.0 = Release|Any CPU
		{D3FE813A-BB26-44C1-BA43-12230AC8B51D}.Ad-Hoc|iPhoneSimulator.Deploy.0 = Release|Any CPU
		{D3FE813A-BB26-44C1-BA43-12230AC8B51D}.Ad-Hoc|x64.ActiveCfg = Release|x64
		{D3FE813A-BB26-44C1-BA43-12230AC8B51D}.Ad-Hoc|x64.Build.0 = Release|x64
		{D3FE813A-BB26-44C1-BA43-12230AC8B51D}.Ad-Hoc|x64.Deploy.0 = Release|x64
		{D3FE813A-BB26-44C1-BA43-12230AC8B51D}.Ad-Hoc|x86.ActiveCfg = Release|x86
		{D3FE813A-BB26-44C1-BA43-12230AC8B51D}.Ad-Hoc|x86.Build.0 = Release|x86
		{D3FE813A-BB26-44C1-BA43-12230AC8B51D}.Ad-Hoc|x86.Deploy.0 = Release|x86
		{D3FE813A-BB26-44C1-BA43-12230AC8B51D}.AppStore|Any CPU.ActiveCfg = Release|Any CPU
		{D3FE813A-BB26-44C1-BA43-12230AC8B51D}.AppStore|Any CPU.Build.0 = Release|Any CPU
		{D3FE813A-BB26-44C1-BA43-12230AC8B51D}.AppStore|Any CPU.Deploy.0 = Release|Any CPU
		{D3FE813A-BB26-44C1-BA43-12230AC8B51D}.AppStore|ARM.ActiveCfg = Release|ARM
		{D3FE813A-BB26-44C1-BA43-12230AC8B51D}.AppStore|ARM.Build.0 = Release|ARM
		{D3FE813A-BB26-44C1-BA43-12230AC8B51D}.AppStore|ARM.Deploy.0 = Release|ARM
		{D3FE813A-BB26-44C1-BA43-12230AC8B51D}.AppStore|iPhone.ActiveCfg = Release|Any CPU
		{D3FE813A-BB26-44C1-BA43-12230AC8B51D}.AppStore|iPhone.Build.0 = Release|Any CPU
		{D3FE813A-BB26-44C1-BA43-12230AC8B51D}.AppStore|iPhone.Deploy.0 = Release|Any CPU
		{D3FE813A-BB26-44C1-BA43-12230AC8B51D}.AppStore|iPhoneSimulator.ActiveCfg = Release|Any CPU
		{D3FE813A-BB26-44C1-BA43-12230AC8B51D}.AppStore|iPhoneSimulator.Build.0 = Release|Any CPU
		{D3FE813A-BB26-44C1-BA43-12230AC8B51D}.AppStore|iPhoneSimulator.Deploy.0 = Release|Any CPU
		{D3FE813A-BB26-44C1-BA43-12230AC8B51D}.AppStore|x64.ActiveCfg = Release|x64
		{D3FE813A-BB26-44C1-BA43-12230AC8B51D}.AppStore|x64.Build.0 = Release|x64
		{D3FE813A-BB26-44C1-BA43-12230AC8B51D}.AppStore|x64.Deploy.0 = Release|x64
		{D3FE813A-BB26-44C1-BA43-12230AC8B51D}.AppStore|x86.ActiveCfg = Release|x86
		{D3FE813A-BB26-44C1-BA43-12230AC8B51D}.AppStore|x86.Build.0 = Release|x86
		{D3FE813A-BB26-44C1-BA43-12230AC8B51D}.AppStore|x86.Deploy.0 = Release|x86
		{D3FE813A-BB26-44C1-BA43-12230AC8B51D}.Debug|Any CPU.ActiveCfg = Debug|Any CPU
		{D3FE813A-BB26-44C1-BA43-12230AC8B51D}.Debug|Any CPU.Build.0 = Debug|Any CPU
		{D3FE813A-BB26-44C1-BA43-12230AC8B51D}.Debug|Any CPU.Deploy.0 = Debug|Any CPU
		{D3FE813A-BB26-44C1-BA43-12230AC8B51D}.Debug|ARM.ActiveCfg = Debug|ARM
		{D3FE813A-BB26-44C1-BA43-12230AC8B51D}.Debug|ARM.Build.0 = Debug|ARM
		{D3FE813A-BB26-44C1-BA43-12230AC8B51D}.Debug|ARM.Deploy.0 = Debug|ARM
		{D3FE813A-BB26-44C1-BA43-12230AC8B51D}.Debug|iPhone.ActiveCfg = Debug|Any CPU
		{D3FE813A-BB26-44C1-BA43-12230AC8B51D}.Debug|iPhone.Build.0 = Debug|Any CPU
		{D3FE813A-BB26-44C1-BA43-12230AC8B51D}.Debug|iPhone.Deploy.0 = Debug|Any CPU
		{D3FE813A-BB26-44C1-BA43-12230AC8B51D}.Debug|iPhoneSimulator.ActiveCfg = Debug|Any CPU
		{D3FE813A-BB26-44C1-BA43-12230AC8B51D}.Debug|iPhoneSimulator.Build.0 = Debug|Any CPU
		{D3FE813A-BB26-44C1-BA43-12230AC8B51D}.Debug|iPhoneSimulator.Deploy.0 = Debug|Any CPU
		{D3FE813A-BB26-44C1-BA43-12230AC8B51D}.Debug|x64.ActiveCfg = Debug|x64
		{D3FE813A-BB26-44C1-BA43-12230AC8B51D}.Debug|x64.Build.0 = Debug|x64
		{D3FE813A-BB26-44C1-BA43-12230AC8B51D}.Debug|x64.Deploy.0 = Debug|x64
		{D3FE813A-BB26-44C1-BA43-12230AC8B51D}.Debug|x86.ActiveCfg = Debug|x86
		{D3FE813A-BB26-44C1-BA43-12230AC8B51D}.Debug|x86.Build.0 = Debug|x86
		{D3FE813A-BB26-44C1-BA43-12230AC8B51D}.Debug|x86.Deploy.0 = Debug|x86
		{D3FE813A-BB26-44C1-BA43-12230AC8B51D}.Release|Any CPU.ActiveCfg = Release|Any CPU
		{D3FE813A-BB26-44C1-BA43-12230AC8B51D}.Release|Any CPU.Build.0 = Release|Any CPU
		{D3FE813A-BB26-44C1-BA43-12230AC8B51D}.Release|Any CPU.Deploy.0 = Release|Any CPU
		{D3FE813A-BB26-44C1-BA43-12230AC8B51D}.Release|ARM.ActiveCfg = Release|ARM
		{D3FE813A-BB26-44C1-BA43-12230AC8B51D}.Release|ARM.Build.0 = Release|ARM
		{D3FE813A-BB26-44C1-BA43-12230AC8B51D}.Release|ARM.Deploy.0 = Release|ARM
		{D3FE813A-BB26-44C1-BA43-12230AC8B51D}.Release|iPhone.ActiveCfg = Release|Any CPU
		{D3FE813A-BB26-44C1-BA43-12230AC8B51D}.Release|iPhone.Build.0 = Release|Any CPU
		{D3FE813A-BB26-44C1-BA43-12230AC8B51D}.Release|iPhone.Deploy.0 = Release|Any CPU
		{D3FE813A-BB26-44C1-BA43-12230AC8B51D}.Release|iPhoneSimulator.ActiveCfg = Release|Any CPU
		{D3FE813A-BB26-44C1-BA43-12230AC8B51D}.Release|iPhoneSimulator.Build.0 = Release|Any CPU
		{D3FE813A-BB26-44C1-BA43-12230AC8B51D}.Release|iPhoneSimulator.Deploy.0 = Release|Any CPU
		{D3FE813A-BB26-44C1-BA43-12230AC8B51D}.Release|x64.ActiveCfg = Release|x64
		{D3FE813A-BB26-44C1-BA43-12230AC8B51D}.Release|x64.Build.0 = Release|x64
		{D3FE813A-BB26-44C1-BA43-12230AC8B51D}.Release|x64.Deploy.0 = Release|x64
		{D3FE813A-BB26-44C1-BA43-12230AC8B51D}.Release|x86.ActiveCfg = Release|x86
		{D3FE813A-BB26-44C1-BA43-12230AC8B51D}.Release|x86.Build.0 = Release|x86
		{D3FE813A-BB26-44C1-BA43-12230AC8B51D}.Release|x86.Deploy.0 = Release|x86
		{FFBE8690-2DF6-4494-9561-CE9B9006DDA3}.Ad-Hoc|Any CPU.ActiveCfg = Release|Any CPU
		{FFBE8690-2DF6-4494-9561-CE9B9006DDA3}.Ad-Hoc|Any CPU.Build.0 = Release|Any CPU
		{FFBE8690-2DF6-4494-9561-CE9B9006DDA3}.Ad-Hoc|ARM.ActiveCfg = Release|Any CPU
		{FFBE8690-2DF6-4494-9561-CE9B9006DDA3}.Ad-Hoc|ARM.Build.0 = Release|Any CPU
		{FFBE8690-2DF6-4494-9561-CE9B9006DDA3}.Ad-Hoc|iPhone.ActiveCfg = Release|Any CPU
		{FFBE8690-2DF6-4494-9561-CE9B9006DDA3}.Ad-Hoc|iPhone.Build.0 = Release|Any CPU
		{FFBE8690-2DF6-4494-9561-CE9B9006DDA3}.Ad-Hoc|iPhoneSimulator.ActiveCfg = Release|Any CPU
		{FFBE8690-2DF6-4494-9561-CE9B9006DDA3}.Ad-Hoc|iPhoneSimulator.Build.0 = Release|Any CPU
		{FFBE8690-2DF6-4494-9561-CE9B9006DDA3}.Ad-Hoc|x64.ActiveCfg = Release|Any CPU
		{FFBE8690-2DF6-4494-9561-CE9B9006DDA3}.Ad-Hoc|x64.Build.0 = Release|Any CPU
		{FFBE8690-2DF6-4494-9561-CE9B9006DDA3}.Ad-Hoc|x86.ActiveCfg = Release|Any CPU
		{FFBE8690-2DF6-4494-9561-CE9B9006DDA3}.Ad-Hoc|x86.Build.0 = Release|Any CPU
		{FFBE8690-2DF6-4494-9561-CE9B9006DDA3}.AppStore|Any CPU.ActiveCfg = Release|Any CPU
		{FFBE8690-2DF6-4494-9561-CE9B9006DDA3}.AppStore|Any CPU.Build.0 = Release|Any CPU
		{FFBE8690-2DF6-4494-9561-CE9B9006DDA3}.AppStore|ARM.ActiveCfg = Release|Any CPU
		{FFBE8690-2DF6-4494-9561-CE9B9006DDA3}.AppStore|ARM.Build.0 = Release|Any CPU
		{FFBE8690-2DF6-4494-9561-CE9B9006DDA3}.AppStore|iPhone.ActiveCfg = Release|Any CPU
		{FFBE8690-2DF6-4494-9561-CE9B9006DDA3}.AppStore|iPhone.Build.0 = Release|Any CPU
		{FFBE8690-2DF6-4494-9561-CE9B9006DDA3}.AppStore|iPhoneSimulator.ActiveCfg = Release|Any CPU
		{FFBE8690-2DF6-4494-9561-CE9B9006DDA3}.AppStore|iPhoneSimulator.Build.0 = Release|Any CPU
		{FFBE8690-2DF6-4494-9561-CE9B9006DDA3}.AppStore|x64.ActiveCfg = Release|Any CPU
		{FFBE8690-2DF6-4494-9561-CE9B9006DDA3}.AppStore|x64.Build.0 = Release|Any CPU
		{FFBE8690-2DF6-4494-9561-CE9B9006DDA3}.AppStore|x86.ActiveCfg = Release|Any CPU
		{FFBE8690-2DF6-4494-9561-CE9B9006DDA3}.AppStore|x86.Build.0 = Release|Any CPU
		{FFBE8690-2DF6-4494-9561-CE9B9006DDA3}.Debug|Any CPU.ActiveCfg = Debug|Any CPU
		{FFBE8690-2DF6-4494-9561-CE9B9006DDA3}.Debug|Any CPU.Build.0 = Debug|Any CPU
		{FFBE8690-2DF6-4494-9561-CE9B9006DDA3}.Debug|ARM.ActiveCfg = Debug|Any CPU
		{FFBE8690-2DF6-4494-9561-CE9B9006DDA3}.Debug|ARM.Build.0 = Debug|Any CPU
		{FFBE8690-2DF6-4494-9561-CE9B9006DDA3}.Debug|iPhone.ActiveCfg = Debug|Any CPU
		{FFBE8690-2DF6-4494-9561-CE9B9006DDA3}.Debug|iPhone.Build.0 = Debug|Any CPU
		{FFBE8690-2DF6-4494-9561-CE9B9006DDA3}.Debug|iPhoneSimulator.ActiveCfg = Debug|Any CPU
		{FFBE8690-2DF6-4494-9561-CE9B9006DDA3}.Debug|iPhoneSimulator.Build.0 = Debug|Any CPU
		{FFBE8690-2DF6-4494-9561-CE9B9006DDA3}.Debug|x64.ActiveCfg = Debug|Any CPU
		{FFBE8690-2DF6-4494-9561-CE9B9006DDA3}.Debug|x64.Build.0 = Debug|Any CPU
		{FFBE8690-2DF6-4494-9561-CE9B9006DDA3}.Debug|x86.ActiveCfg = Debug|Any CPU
		{FFBE8690-2DF6-4494-9561-CE9B9006DDA3}.Debug|x86.Build.0 = Debug|Any CPU
		{FFBE8690-2DF6-4494-9561-CE9B9006DDA3}.Release|Any CPU.ActiveCfg = Release|Any CPU
		{FFBE8690-2DF6-4494-9561-CE9B9006DDA3}.Release|Any CPU.Build.0 = Release|Any CPU
		{FFBE8690-2DF6-4494-9561-CE9B9006DDA3}.Release|ARM.ActiveCfg = Release|Any CPU
		{FFBE8690-2DF6-4494-9561-CE9B9006DDA3}.Release|ARM.Build.0 = Release|Any CPU
		{FFBE8690-2DF6-4494-9561-CE9B9006DDA3}.Release|iPhone.ActiveCfg = Release|Any CPU
		{FFBE8690-2DF6-4494-9561-CE9B9006DDA3}.Release|iPhone.Build.0 = Release|Any CPU
		{FFBE8690-2DF6-4494-9561-CE9B9006DDA3}.Release|iPhoneSimulator.ActiveCfg = Release|Any CPU
		{FFBE8690-2DF6-4494-9561-CE9B9006DDA3}.Release|iPhoneSimulator.Build.0 = Release|Any CPU
		{FFBE8690-2DF6-4494-9561-CE9B9006DDA3}.Release|x64.ActiveCfg = Release|Any CPU
		{FFBE8690-2DF6-4494-9561-CE9B9006DDA3}.Release|x64.Build.0 = Release|Any CPU
		{FFBE8690-2DF6-4494-9561-CE9B9006DDA3}.Release|x86.ActiveCfg = Release|Any CPU
		{FFBE8690-2DF6-4494-9561-CE9B9006DDA3}.Release|x86.Build.0 = Release|Any CPU
	EndGlobalSection
	GlobalSection(SolutionProperties) = preSolution
		HideSolutionNode = FALSE
	EndGlobalSection
EndGlobal
